
Microsoft Visual Studio Solution File, Format Version 12.00
# Visual Studio Version 16
VisualStudioVersion = 16.0.28803.156
MinimumVisualStudioVersion = 10.0.40219.1
Project("{9A19103F-16F7-4668-BE54-9A1E7A4F7556}") = "Builder", "Builder\Builder.csproj", "{7A661AF8-ABD3-4FE8-8B33-65F2A4216A37}"
EndProject
Project("{9A19103F-16F7-4668-BE54-9A1E7A4F7556}") = "FactoryMethod", "FactoryMethod\FactoryMethod.csproj", "{27755E16-24E4-41ED-B942-172DAA1B32D6}"
EndProject
Project("{9A19103F-16F7-4668-BE54-9A1E7A4F7556}") = "AbstractFactory", "AbstractFactory\AbstractFactory.csproj", "{2B562956-C756-45C2-9B18-48FB091D5BBB}"
EndProject
Project("{9A19103F-16F7-4668-BE54-9A1E7A4F7556}") = "Mediator", "Mediator\Mediator.csproj", "{BD20F6BC-A9F6-471F-BD1F-F1F47F4A5F0D}"
EndProject
Project("{9A19103F-16F7-4668-BE54-9A1E7A4F7556}") = "ObserverPartern", "Observer\ObserverPartern.csproj", "{D6E63E17-B5D3-4195-B41B-A8D04124022A}"
EndProject
Project("{9A19103F-16F7-4668-BE54-9A1E7A4F7556}") = "StatePartern", "StatePartern\StatePartern.csproj", "{EE7E23A9-9385-45F2-87EC-67BC5C5EBFE2}"
EndProject
Project("{FAE04EC0-301F-11D3-BF4B-00C04F79EFBC}") = "TemplatePattern", "TemplatePattern\TemplatePattern.csproj", "{23F43BC5-FC89-4FBC-8877-C99E5355C1D8}"
EndProject
Project("{FAE04EC0-301F-11D3-BF4B-00C04F79EFBC}") = "ChainOfResponsibility", "ChainOfResponsibility\ChainOfResponsibility.csproj", "{2C00AE04-B6C3-496D-9678-ADF4E30ADF5C}"
EndProject
Global
	GlobalSection(SolutionConfigurationPlatforms) = preSolution
		Debug|Any CPU = Debug|Any CPU
		Release|Any CPU = Release|Any CPU
	EndGlobalSection
	GlobalSection(ProjectConfigurationPlatforms) = postSolution
		{7A661AF8-ABD3-4FE8-8B33-65F2A4216A37}.Debug|Any CPU.ActiveCfg = Debug|Any CPU
		{7A661AF8-ABD3-4FE8-8B33-65F2A4216A37}.Debug|Any CPU.Build.0 = Debug|Any CPU
		{7A661AF8-ABD3-4FE8-8B33-65F2A4216A37}.Release|Any CPU.ActiveCfg = Release|Any CPU
		{7A661AF8-ABD3-4FE8-8B33-65F2A4216A37}.Release|Any CPU.Build.0 = Release|Any CPU
		{27755E16-24E4-41ED-B942-172DAA1B32D6}.Debug|Any CPU.ActiveCfg = Debug|Any CPU
		{27755E16-24E4-41ED-B942-172DAA1B32D6}.Debug|Any CPU.Build.0 = Debug|Any CPU
		{27755E16-24E4-41ED-B942-172DAA1B32D6}.Release|Any CPU.ActiveCfg = Release|Any CPU
		{27755E16-24E4-41ED-B942-172DAA1B32D6}.Release|Any CPU.Build.0 = Release|Any CPU
		{2B562956-C756-45C2-9B18-48FB091D5BBB}.Debug|Any CPU.ActiveCfg = Debug|Any CPU
		{2B562956-C756-45C2-9B18-48FB091D5BBB}.Debug|Any CPU.Build.0 = Debug|Any CPU
		{2B562956-C756-45C2-9B18-48FB091D5BBB}.Release|Any CPU.ActiveCfg = Release|Any CPU
		{2B562956-C756-45C2-9B18-48FB091D5BBB}.Release|Any CPU.Build.0 = Release|Any CPU
		{BD20F6BC-A9F6-471F-BD1F-F1F47F4A5F0D}.Debug|Any CPU.ActiveCfg = Debug|Any CPU
		{BD20F6BC-A9F6-471F-BD1F-F1F47F4A5F0D}.Debug|Any CPU.Build.0 = Debug|Any CPU
		{BD20F6BC-A9F6-471F-BD1F-F1F47F4A5F0D}.Release|Any CPU.ActiveCfg = Release|Any CPU
		{BD20F6BC-A9F6-471F-BD1F-F1F47F4A5F0D}.Release|Any CPU.Build.0 = Release|Any CPU
		{D6E63E17-B5D3-4195-B41B-A8D04124022A}.Debug|Any CPU.ActiveCfg = Debug|Any CPU
		{D6E63E17-B5D3-4195-B41B-A8D04124022A}.Debug|Any CPU.Build.0 = Debug|Any CPU
		{D6E63E17-B5D3-4195-B41B-A8D04124022A}.Release|Any CPU.ActiveCfg = Release|Any CPU
		{D6E63E17-B5D3-4195-B41B-A8D04124022A}.Release|Any CPU.Build.0 = Release|Any CPU
		{EE7E23A9-9385-45F2-87EC-67BC5C5EBFE2}.Debug|Any CPU.ActiveCfg = Debug|Any CPU
		{EE7E23A9-9385-45F2-87EC-67BC5C5EBFE2}.Debug|Any CPU.Build.0 = Debug|Any CPU
		{EE7E23A9-9385-45F2-87EC-67BC5C5EBFE2}.Release|Any CPU.ActiveCfg = Release|Any CPU
		{EE7E23A9-9385-45F2-87EC-67BC5C5EBFE2}.Release|Any CPU.Build.0 = Release|Any CPU
		{23F43BC5-FC89-4FBC-8877-C99E5355C1D8}.Debug|Any CPU.ActiveCfg = Debug|Any CPU
		{23F43BC5-FC89-4FBC-8877-C99E5355C1D8}.Debug|Any CPU.Build.0 = Debug|Any CPU
		{23F43BC5-FC89-4FBC-8877-C99E5355C1D8}.Release|Any CPU.ActiveCfg = Release|Any CPU
		{23F43BC5-FC89-4FBC-8877-C99E5355C1D8}.Release|Any CPU.Build.0 = Release|Any CPU
		{2C00AE04-B6C3-496D-9678-ADF4E30ADF5C}.Debug|Any CPU.ActiveCfg = Debug|Any CPU
		{2C00AE04-B6C3-496D-9678-ADF4E30ADF5C}.Debug|Any CPU.Build.0 = Debug|Any CPU
		{2C00AE04-B6C3-496D-9678-ADF4E30ADF5C}.Release|Any CPU.ActiveCfg = Release|Any CPU
		{2C00AE04-B6C3-496D-9678-ADF4E30ADF5C}.Release|Any CPU.Build.0 = Release|Any CPU
	EndGlobalSection
	GlobalSection(SolutionProperties) = preSolution
		HideSolutionNode = FALSE
	EndGlobalSection
	GlobalSection(ExtensibilityGlobals) = postSolution
		SolutionGuid = {4CFA6EE4-8FF8-415C-AC18-22928988A21B}
	EndGlobalSection
EndGlobal
